# THIS IS AN AUTOGENERATED FILE. DO NOT EDIT THIS FILE DIRECTLY.
# yarn lockfile v1


"@angular/animations@^21.2.16":
  version "21.2.16"
  resolved "https://registry.npmmirror.com/@angular/animations/-/animations-21.2.16.tgz"
  integrity sha512-YPhph/OC1A0vkT95XZW6lXMNmi5ly91JeXi+5yeG8CCxfqscVfRNPsYbRWjSueO0cQT2HJ8U1CLteQ5a1OaoHA==
  dependencies:
    tslib "^2.3.0"

"@angular/common@^21.2.17":
  version "21.2.17"
  resolved "https://registry.npmmirror.com/@angular/common/-/common-21.2.17.tgz"
  integrity sha512-hqAQxRfi5ldFE42suAXRcY+JCANrUh7fuSQ/DtZ7L896id5BT/exuv6dWNBC1PyAfQmRbpD5Pt6/pd+tNLyhDQ==
  dependencies:
    tslib "^2.3.0"

"@angular/core@^21.2.17":
  version "21.2.17"
  resolved "https://registry.npmmirror.com/@angular/core/-/core-21.2.17.tgz"
  integrity sha512-wYHpwIdnUnjQFOJJNqRcGx7LS3u64jT+R9L0TnMR/ViBM9dQgGYImlSikkftg2yrFCNo5aKRxhG2LLskQurVdg==
  dependencies:
    tslib "^2.3.0"

"@angular/forms@^21.2.17":
  version "21.2.17"
  resolved "https://registry.npmmirror.com/@angular/forms/-/forms-21.2.17.tgz"
  integrity sha512-WKu8XeRSNZo+a+aDDZ3M5OtReF7KYqR/PmZ2l1lSf6N5EEAmc+Ky4aqbRhTL/mTSfHrO4+TDJ4C5A2tFmuwIeA==
  dependencies:
    "@standard-schema/spec" "^1.0.0"
    tslib "^2.3.0"

"@angular/platform-browser-dynamic@^21.2.17":
  version "21.2.17"
  resolved "https://registry.npmmirror.com/@angular/platform-browser-dynamic/-/platform-browser-dynamic-21.2.17.tgz"
  integrity sha512-r/BU/T8bOTghP3fIXhzYf5wcMcAmhWnAFv3p4asCCPXomaktoas70wYcMaDH+pK1LAFBxLwzBWHm36MpFlTMFg==
  dependencies:
    tslib "^2.3.0"

"@angular/platform-browser@^21.2.17":
  version "21.2.17"
  resolved "https://registry.npmmirror.com/@angular/platform-browser/-/platform-browser-21.2.17.tgz"
  integrity sha512-ROdSliejY37g1EphYmweYdm5cHM8HY3X4tbWt4ubxmhTyYgfN3nxrxfGQ/n7Mz5tDY9VXVLIGDgjLOGYOo4uTQ==
  dependencies:
    tslib "^2.3.0"

"@ng-bootstrap/ng-bootstrap@^20.0.0":
  version "20.0.0"
  resolved "https://registry.npmmirror.com/@ng-bootstrap/ng-bootstrap/-/ng-bootstrap-20.0.0.tgz"
  integrity sha512-Jt+GUQ0PdM8VsOUUVr7vTQXhwcGwe2DCe1mmfS21vz9pLSOtGRz41ohZKc1egUevj5Rxm2sHVq5Sve68/nTMfA==
  dependencies:
    tslib "^2.3.0"

"@standard-schema/spec@^1.0.0":
  version "1.1.0"
  resolved "https://registry.npmmirror.com/@standard-schema/spec/-/spec-1.1.0.tgz"
  integrity sha512-l2aFy5jALhniG5HgqrD6jXLi/rUWrKvqN/qJx6yoJsgKhblVd+iqqU4RCXavm/jPityDo5TCvKMnpjKnOriy0w==

"@types/node@14.14.14":
  version "14.14.14"
  resolved "https://registry.npmmirror.com/@types/node/-/node-14.14.14.tgz"
  integrity sha512-UHnOPWVWV1z+VV8k6L1HhG7UbGBgIdghqF3l9Ny9ApPghbjICXkUJSd/b9gOgQfjM1r+37cipdw/HJ3F6ICEnQ==

rxjs@^7.8.2:
  version "7.8.2"
  resolved "https://registry.npmmirror.com/rxjs/-/rxjs-7.8.2.tgz"
  integrity sha512-dhKf903U/PQZY6boNNtAGdWbG85WAbjT/1xYoZIC7FAY0yWapOBQVsVrDl58W86//e1VpMNBtRV4MaXfdMySFA==
  dependencies:
    tslib "^2.1.0"

tslib@^2.1.0, tslib@^2.3.0:
  version "2.8.1"
  resolved "https://registry.npmmirror.com/tslib/-/tslib-2.8.1.tgz"
  integrity sha512-oJFu94HQb+KVduSUQL7wnpmqnfmLsOA/nAh6b6EH0wCEoK0/mPeXU6c3wKDV83MkOuHPRHtSXKKU99IBazS/2w==
